
Microsoft Visual Studio Solution File, Format Version 12.00
# Visual Studio 15
VisualStudioVersion = 15.0.26228.9
MinimumVisualStudioVersion = 10.0.40219.1
Project("{9A19103F-16F7-4668-BE54-9A1E7A4F7556}") = "FoDom", "FoDom\FoDom.csproj", "{C0BF42A5-ED0D-40C7-A14B-591F0A883CBE}"
EndProject
Project("{FAE04EC0-301F-11D3-BF4B-00C04F79EFBC}") = "TestHelloDom1", "TestHelloDom1\TestHelloDom1.csproj", "{EAA884F2-AE7A-454E-882D-576C0DF5CBBB}"
EndProject
Project("{FAE04EC0-301F-11D3-BF4B-00C04F79EFBC}") = "PdfCanvas", "PdfCanvas\PdfCanvas.csproj", "{0F2D9FF8-9984-40AA-B9C0-48CE6196F152}"
EndProject
Project("{9A19103F-16F7-4668-BE54-9A1E7A4F7556}") = "TestHello", "TestHello\TestHello.csproj", "{734EFB19-DA2F-45ED-8544-BD9CDFE80DFC}"
EndProject
Project("{FAE04EC0-301F-11D3-BF4B-00C04F79EFBC}") = "TestHelloCanvas", "TestHelloCanvas\TestHelloCanvas.csproj", "{1EA92D3E-2AA9-4D98-AA4F-91564726AB22}"
EndProject
Project("{FAE04EC0-301F-11D3-BF4B-00C04F79EFBC}") = "PixelFarm.MiniAgg.One.NetCore", "PixelFarm.MiniAgg.One.NetCore\PixelFarm.MiniAgg.One.NetCore.csproj", "{E8E9877D-70D0-47C2-A053-B6C89999F45F}"
EndProject
Global
	GlobalSection(SolutionConfigurationPlatforms) = preSolution
		Debug|Any CPU = Debug|Any CPU
		Release|Any CPU = Release|Any CPU
	EndGlobalSection
	GlobalSection(ProjectConfigurationPlatforms) = postSolution
		{C0BF42A5-ED0D-40C7-A14B-591F0A883CBE}.Debug|Any CPU.ActiveCfg = Debug|Any CPU
		{C0BF42A5-ED0D-40C7-A14B-591F0A883CBE}.Debug|Any CPU.Build.0 = Debug|Any CPU
		{C0BF42A5-ED0D-40C7-A14B-591F0A883CBE}.Release|Any CPU.ActiveCfg = Release|Any CPU
		{C0BF42A5-ED0D-40C7-A14B-591F0A883CBE}.Release|Any CPU.Build.0 = Release|Any CPU
		{EAA884F2-AE7A-454E-882D-576C0DF5CBBB}.Debug|Any CPU.ActiveCfg = Debug|Any CPU
		{EAA884F2-AE7A-454E-882D-576C0DF5CBBB}.Debug|Any CPU.Build.0 = Debug|Any CPU
		{EAA884F2-AE7A-454E-882D-576C0DF5CBBB}.Release|Any CPU.ActiveCfg = Release|Any CPU
		{EAA884F2-AE7A-454E-882D-576C0DF5CBBB}.Release|Any CPU.Build.0 = Release|Any CPU
		{0F2D9FF8-9984-40AA-B9C0-48CE6196F152}.Debug|Any CPU.ActiveCfg = Debug|Any CPU
		{0F2D9FF8-9984-40AA-B9C0-48CE6196F152}.Debug|Any CPU.Build.0 = Debug|Any CPU
		{0F2D9FF8-9984-40AA-B9C0-48CE6196F152}.Release|Any CPU.ActiveCfg = Release|Any CPU
		{0F2D9FF8-9984-40AA-B9C0-48CE6196F152}.Release|Any CPU.Build.0 = Release|Any CPU
		{734EFB19-DA2F-45ED-8544-BD9CDFE80DFC}.Debug|Any CPU.ActiveCfg = Debug|Any CPU
		{734EFB19-DA2F-45ED-8544-BD9CDFE80DFC}.Debug|Any CPU.Build.0 = Debug|Any CPU
		{734EFB19-DA2F-45ED-8544-BD9CDFE80DFC}.Release|Any CPU.ActiveCfg = Release|Any CPU
		{734EFB19-DA2F-45ED-8544-BD9CDFE80DFC}.Release|Any CPU.Build.0 = Release|Any CPU
		{1EA92D3E-2AA9-4D98-AA4F-91564726AB22}.Debug|Any CPU.ActiveCfg = Debug|Any CPU
		{1EA92D3E-2AA9-4D98-AA4F-91564726AB22}.Debug|Any CPU.Build.0 = Debug|Any CPU
		{1EA92D3E-2AA9-4D98-AA4F-91564726AB22}.Release|Any CPU.ActiveCfg = Release|Any CPU
		{1EA92D3E-2AA9-4D98-AA4F-91564726AB22}.Release|Any CPU.Build.0 = Release|Any CPU
		{E8E9877D-70D0-47C2-A053-B6C89999F45F}.Debug|Any CPU.ActiveCfg = Debug|Any CPU
		{E8E9877D-70D0-47C2-A053-B6C89999F45F}.Debug|Any CPU.Build.0 = Debug|Any CPU
		{E8E9877D-70D0-47C2-A053-B6C89999F45F}.Release|Any CPU.ActiveCfg = Release|Any CPU
		{E8E9877D-70D0-47C2-A053-B6C89999F45F}.Release|Any CPU.Build.0 = Release|Any CPU
	EndGlobalSection
	GlobalSection(SolutionProperties) = preSolution
		HideSolutionNode = FALSE
	EndGlobalSection
EndGlobal
