
Microsoft Visual Studio Solution File, Format Version 12.00
# Visual Studio 15
VisualStudioVersion = 15.0.26228.9
MinimumVisualStudioVersion = 10.0.40219.1
Project("{9A19103F-16F7-4668-BE54-9A1E7A4F7556}") = "SaveAsPdf", "DevCore\SaveAsPdf.csproj", "{C0BF42A5-ED0D-40C7-A14B-591F0A883CBE}"
EndProject
Project("{FAE04EC0-301F-11D3-BF4B-00C04F79EFBC}") = "TestHello2", "TestHello2\TestHello2.csproj", "{5792BBAC-07E4-46AC-AAC7-F293F4C6DEBB}"
EndProject
Project("{FAE04EC0-301F-11D3-BF4B-00C04F79EFBC}") = "TestHelloDom1", "TestHelloDom1\TestHelloDom1.csproj", "{EAA884F2-AE7A-454E-882D-576C0DF5CBBB}"
EndProject
Global
	GlobalSection(SolutionConfigurationPlatforms) = preSolution
		Debug|Any CPU = Debug|Any CPU
		Release|Any CPU = Release|Any CPU
	EndGlobalSection
	GlobalSection(ProjectConfigurationPlatforms) = postSolution
		{C0BF42A5-ED0D-40C7-A14B-591F0A883CBE}.Debug|Any CPU.ActiveCfg = Debug|Any CPU
		{C0BF42A5-ED0D-40C7-A14B-591F0A883CBE}.Debug|Any CPU.Build.0 = Debug|Any CPU
		{C0BF42A5-ED0D-40C7-A14B-591F0A883CBE}.Release|Any CPU.ActiveCfg = Release|Any CPU
		{C0BF42A5-ED0D-40C7-A14B-591F0A883CBE}.Release|Any CPU.Build.0 = Release|Any CPU
		{5792BBAC-07E4-46AC-AAC7-F293F4C6DEBB}.Debug|Any CPU.ActiveCfg = Debug|Any CPU
		{5792BBAC-07E4-46AC-AAC7-F293F4C6DEBB}.Debug|Any CPU.Build.0 = Debug|Any CPU
		{5792BBAC-07E4-46AC-AAC7-F293F4C6DEBB}.Release|Any CPU.ActiveCfg = Release|Any CPU
		{5792BBAC-07E4-46AC-AAC7-F293F4C6DEBB}.Release|Any CPU.Build.0 = Release|Any CPU
		{EAA884F2-AE7A-454E-882D-576C0DF5CBBB}.Debug|Any CPU.ActiveCfg = Debug|Any CPU
		{EAA884F2-AE7A-454E-882D-576C0DF5CBBB}.Debug|Any CPU.Build.0 = Debug|Any CPU
		{EAA884F2-AE7A-454E-882D-576C0DF5CBBB}.Release|Any CPU.ActiveCfg = Release|Any CPU
		{EAA884F2-AE7A-454E-882D-576C0DF5CBBB}.Release|Any CPU.Build.0 = Release|Any CPU
	EndGlobalSection
	GlobalSection(SolutionProperties) = preSolution
		HideSolutionNode = FALSE
	EndGlobalSection
EndGlobal
